
Microsoft Visual Studio Solution File, Format Version 12.00
# Visual Studio Version 17
VisualStudioVersion = 17.5.33414.496
MinimumVisualStudioVersion = 10.0.40219.1
Project("{FAE04EC0-301F-11D3-BF4B-00C04F79EFBC}") = "Laboratory work No. 5", "Laboratory work No. 5.csproj", "{A00BB30C-8857-4D51-8D40-4B42096364D1}"
EndProject
Global
	GlobalSection(SolutionConfigurationPlatforms) = preSolution
		Debug|Any CPU = Debug|Any CPU
		Release|Any CPU = Release|Any CPU
	EndGlobalSection
	GlobalSection(ProjectConfigurationPlatforms) = postSolution
		{A00BB30C-8857-4D51-8D40-4B42096364D1}.Debug|Any CPU.ActiveCfg = Debug|Any CPU
		{A00BB30C-8857-4D51-8D40-4B42096364D1}.Debug|Any CPU.Build.0 = Debug|Any CPU
		{A00BB30C-8857-4D51-8D40-4B42096364D1}.Release|Any CPU.ActiveCfg = Release|Any CPU
		{A00BB30C-8857-4D51-8D40-4B42096364D1}.Release|Any CPU.Build.0 = Release|Any CPU
	EndGlobalSection
	GlobalSection(SolutionProperties) = preSolution
		HideSolutionNode = FALSE
	EndGlobalSection
	GlobalSection(ExtensibilityGlobals) = postSolution
		SolutionGuid = {595B66E3-7AB6-4D9F-8933-B929A999665A}
	EndGlobalSection
EndGlobal
